
Microsoft Visual Studio Solution File, Format Version 12.00
# Visual Studio Version 16
VisualStudioVersion = 16.0.29728.190
MinimumVisualStudioVersion = 10.0.40219.1
Project("{FAE04EC0-301F-11D3-BF4B-00C04F79EFBC}") = "EXLRT.Kentico.Mvc.FormControls.Focuspoint", "EXLRT.Kentico.Mvc.FormControls.Focuspoint\EXLRT.Kentico.Mvc.FormControls.Focuspoint.csproj", "{5F832A05-F7BD-481C-ABA8-796C0F4A867C}"
EndProject
Global
	GlobalSection(SolutionConfigurationPlatforms) = preSolution
		Debug|Any CPU = Debug|Any CPU
		Release|Any CPU = Release|Any CPU
	EndGlobalSection
	GlobalSection(ProjectConfigurationPlatforms) = postSolution
		{5F832A05-F7BD-481C-ABA8-796C0F4A867C}.Debug|Any CPU.ActiveCfg = Debug|Any CPU
		{5F832A05-F7BD-481C-ABA8-796C0F4A867C}.Debug|Any CPU.Build.0 = Debug|Any CPU
		{5F832A05-F7BD-481C-ABA8-796C0F4A867C}.Release|Any CPU.ActiveCfg = Release|Any CPU
		{5F832A05-F7BD-481C-ABA8-796C0F4A867C}.Release|Any CPU.Build.0 = Release|Any CPU
	EndGlobalSection
	GlobalSection(SolutionProperties) = preSolution
		HideSolutionNode = FALSE
	EndGlobalSection
	GlobalSection(ExtensibilityGlobals) = postSolution
		SolutionGuid = {4ACC696D-31A8-4DF2-9A31-9C768FABDA2F}
	EndGlobalSection
EndGlobal
